// !$*UTF8*$!
{
	archiveVersion = 1;
	classes = {
	};
	objectVersion = 48;
	objects = {

/* Begin PBXBuildFile section */
		5ED81EDD205328B2002F4CD8 /* 3dioIphone.m4v in Resources */ = {isa = PBXBuildFile; fileRef = 5ED81EDC205328B2002F4CD8 /* 3dioIphone.m4v */; };
		A3147033203C3C740027EA0C /* ViewController.swift in Sources */ = {isa = PBXBuildFile; fileRef = A3147032203C3C740027EA0C /* ViewController.swift */; };
		A3147035203C3CA40027EA0C /* Main.storyboard in Resources */ = {isa = PBXBuildFile; fileRef = A3147034203C3CA40027EA0C /* Main.storyboard */; };
		A31517C32052CBBE00BE5E0D /* GameTool.swift in Sources */ = {isa = PBXBuildFile; fileRef = A31517BC2052CBBD00BE5E0D /* GameTool.swift */; };
		A31517C42052CBBE00BE5E0D /* GameToolManipulator.swift in Sources */ = {isa = PBXBuildFile; fileRef = A31517BD2052CBBD00BE5E0D /* GameToolManipulator.swift */; };
		A31517C52052CBBE00BE5E0D /* GameToolBuilder.swift in Sources */ = {isa = PBXBuildFile; fileRef = A31517BE2052CBBD00BE5E0D /* GameToolBuilder.swift */; };
		A31517C62052CBBE00BE5E0D /* GameController.swift in Sources */ = {isa = PBXBuildFile; fileRef = A31517BF2052CBBD00BE5E0D /* GameController.swift */; };
		A31517C72052CBBE00BE5E0D /* GameToolDestroyer.swift in Sources */ = {isa = PBXBuildFile; fileRef = A31517C02052CBBD00BE5E0D /* GameToolDestroyer.swift */; };
		A31517C82052CBBE00BE5E0D /* GameToolListener.swift in Sources */ = {isa = PBXBuildFile; fileRef = A31517C12052CBBD00BE5E0D /* GameToolListener.swift */; };
		A31517C92052CBBE00BE5E0D /* GameToolARDetector.swift in Sources */ = {isa = PBXBuildFile; fileRef = A31517C22052CBBD00BE5E0D /* GameToolARDetector.swift */; };
		A31517CF2052CC1300BE5E0D /* break.mp3 in Resources */ = {isa = PBXBuildFile; fileRef = A31517CC2052CC1300BE5E0D /* break.mp3 */; };
		A31517D02052CC1300BE5E0D /* menuMusic.wav in Resources */ = {isa = PBXBuildFile; fileRef = A31517CD2052CC1300BE5E0D /* menuMusic.wav */; };
		A31517D12052CC1300BE5E0D /* create.mp3 in Resources */ = {isa = PBXBuildFile; fileRef = A31517CE2052CC1300BE5E0D /* create.mp3 */; };
		A31517D62052CD7B00BE5E0D /* SCNVectorExtension.swift in Sources */ = {isa = PBXBuildFile; fileRef = A31517D42052CD7B00BE5E0D /* SCNVectorExtension.swift */; };
		A31517D72052CD7B00BE5E0D /* GameParticleSystem.swift in Sources */ = {isa = PBXBuildFile; fileRef = A31517D52052CD7B00BE5E0D /* GameParticleSystem.swift */; };
		A31517DD2052D67800BE5E0D /* dustCloud.png in Resources */ = {isa = PBXBuildFile; fileRef = A31517DC2052D67700BE5E0D /* dustCloud.png */; };
		A317026D204450270005DFCA /* 3dio.m4v in Resources */ = {isa = PBXBuildFile; fileRef = A317026C204450270005DFCA /* 3dio.m4v */; };
		A31702B1204974ED0005DFCA /* SolidifyLogic.swift in Sources */ = {isa = PBXBuildFile; fileRef = A31702B0204974ED0005DFCA /* SolidifyLogic.swift */; };
		A31702B5204B115E0005DFCA /* UINibView.swift in Sources */ = {isa = PBXBuildFile; fileRef = A31702B4204B115E0005DFCA /* UINibView.swift */; };
		A31702B8204B117B0005DFCA /* objectButton.xib in Resources */ = {isa = PBXBuildFile; fileRef = A31702B7204B117B0005DFCA /* objectButton.xib */; };
		A31702BC204B26F20005DFCA /* objectButton.swift in Sources */ = {isa = PBXBuildFile; fileRef = A31702BB204B26F20005DFCA /* objectButton.swift */; };
		A321B0552043220700845A09 /* ramp.scn in Resources */ = {isa = PBXBuildFile; fileRef = A321B0542043220700845A09 /* ramp.scn */; };
		A3453080204F16FA0071447A /* GamePieceSettings.swift in Sources */ = {isa = PBXBuildFile; fileRef = A345307F204F16FA0071447A /* GamePieceSettings.swift */; };
		A3453082204F17090071447A /* GameMaterial.swift in Sources */ = {isa = PBXBuildFile; fileRef = A3453081204F17090071447A /* GameMaterial.swift */; };
		A3453084204F17A20071447A /* OrientationType.swift in Sources */ = {isa = PBXBuildFile; fileRef = A3453083204F17A20071447A /* OrientationType.swift */; };
		A3453086204F17D50071447A /* GamePieceList.swift in Sources */ = {isa = PBXBuildFile; fileRef = A3453085204F17D50071447A /* GamePieceList.swift */; };
		A36252A720247682001FCA58 /* AppDelegate.swift in Sources */ = {isa = PBXBuildFile; fileRef = A36252A620247682001FCA58 /* AppDelegate.swift */; };
		A36252AE20247682001FCA58 /* Assets.xcassets in Resources */ = {isa = PBXBuildFile; fileRef = A36252AD20247682001FCA58 /* Assets.xcassets */; };
		A36252B120247682001FCA58 /* LaunchScreen.storyboard in Resources */ = {isa = PBXBuildFile; fileRef = A36252AF20247682001FCA58 /* LaunchScreen.storyboard */; };
		A36252BC20247682001FCA58 /* PhysicsTestTests.swift in Sources */ = {isa = PBXBuildFile; fileRef = A36252BB20247682001FCA58 /* PhysicsTestTests.swift */; };
		A36252C720247682001FCA58 /* PhysicsTestUITests.swift in Sources */ = {isa = PBXBuildFile; fileRef = A36252C620247682001FCA58 /* PhysicsTestUITests.swift */; };
		A36252D520247722001FCA58 /* mys.scn in Resources */ = {isa = PBXBuildFile; fileRef = A36252D420247722001FCA58 /* mys.scn */; };
		A3CA762620406197007810C7 /* UICustomView.swift in Sources */ = {isa = PBXBuildFile; fileRef = A3CA762520406197007810C7 /* UICustomView.swift */; };
		A3CA7628204066EF007810C7 /* ColorController.swift in Sources */ = {isa = PBXBuildFile; fileRef = A3CA7627204066EF007810C7 /* ColorController.swift */; };
		A3CA762A20406B0B007810C7 /* UIColorButton.swift in Sources */ = {isa = PBXBuildFile; fileRef = A3CA762920406B0B007810C7 /* UIColorButton.swift */; };
		A3CA762E2040779D007810C7 /* VideoController.swift in Sources */ = {isa = PBXBuildFile; fileRef = A3CA762D2040779D007810C7 /* VideoController.swift */; };
		A3CA76342040A958007810C7 /* ShapeController.swift in Sources */ = {isa = PBXBuildFile; fileRef = A3CA76332040A958007810C7 /* ShapeController.swift */; };
		A3DD310D2037461D002639EE /* car.scn in Resources */ = {isa = PBXBuildFile; fileRef = A3DD310C2037461D002639EE /* car.scn */; };
		A3F3C472202EF218005CE743 /* GamePiece.swift in Sources */ = {isa = PBXBuildFile; fileRef = A3F3C471202EF218005CE743 /* GamePiece.swift */; };
		B95D5E7A20580DCE0017E13F /* CoreDataDB.xcdatamodeld in Sources */ = {isa = PBXBuildFile; fileRef = B95D5E7820580DCE0017E13F /* CoreDataDB.xcdatamodeld */; };
		B95D5E7E20580F7F0017E13F /* SaveManager.swift in Sources */ = {isa = PBXBuildFile; fileRef = B95D5E7D20580F7F0017E13F /* SaveManager.swift */; };
		B9DDCE4C2052CE9800112668 /* WorldsDataManager.swift in Sources */ = {isa = PBXBuildFile; fileRef = B9DDCE462052CE9800112668 /* WorldsDataManager.swift */; };
		B9DDCE4D2052CE9800112668 /* LevelSelectViewController.swift in Sources */ = {isa = PBXBuildFile; fileRef = B9DDCE472052CE9800112668 /* LevelSelectViewController.swift */; };
		B9DDCE4E2052CE9800112668 /* WorldCollectionViewCell.swift in Sources */ = {isa = PBXBuildFile; fileRef = B9DDCE482052CE9800112668 /* WorldCollectionViewCell.swift */; };
		B9DDCE4F2052CE9800112668 /* MenuController.swift in Sources */ = {isa = PBXBuildFile; fileRef = B9DDCE492052CE9800112668 /* MenuController.swift */; };
		B9DDCE502052CE9800112668 /* SettingsViewController.swift in Sources */ = {isa = PBXBuildFile; fileRef = B9DDCE4A2052CE9800112668 /* SettingsViewController.swift */; };
		BDD786B82052D21A00E5A83F /* Menu.storyboard in Resources */ = {isa = PBXBuildFile; fileRef = BDD786B72052D21A00E5A83F /* Menu.storyboard */; };
		BDD786BA2052D28F00E5A83F /* Game.storyboard in Resources */ = {isa = PBXBuildFile; fileRef = BDD786B92052D28F00E5A83F /* Game.storyboard */; };
		C569C2AE20518EB800A807D3 /* Explode.scnp in Resources */ = {isa = PBXBuildFile; fileRef = C569C2AD20518EB800A807D3 /* Explode.scnp */; };
		C569C2B020518EBE00A807D3 /* cloud@3x.png in Resources */ = {isa = PBXBuildFile; fileRef = C569C2AF20518EBE00A807D3 /* cloud@3x.png */; };
/* End PBXBuildFile section */

/* Begin PBXContainerItemProxy section */
		A36252B820247682001FCA58 /* PBXContainerItemProxy */ = {
			isa = PBXContainerItemProxy;
			containerPortal = A362529B20247682001FCA58 /* Project object */;
			proxyType = 1;
			remoteGlobalIDString = A36252A220247682001FCA58;
			remoteInfo = PhysicsTest;
		};
		A36252C320247682001FCA58 /* PBXContainerItemProxy */ = {
			isa = PBXContainerItemProxy;
			containerPortal = A362529B20247682001FCA58 /* Project object */;
			proxyType = 1;
			remoteGlobalIDString = A36252A220247682001FCA58;
			remoteInfo = PhysicsTest;
		};
/* End PBXContainerItemProxy section */

/* Begin PBXFileReference section */
		5ED81EDC205328B2002F4CD8 /* 3dioIphone.m4v */ = {isa = PBXFileReference; lastKnownFileType = file; path = 3dioIphone.m4v; sourceTree = "<group>"; };
		A3147032203C3C740027EA0C /* ViewController.swift */ = {isa = PBXFileReference; fileEncoding = 4; lastKnownFileType = sourcecode.swift; path = ViewController.swift; sourceTree = "<group>"; };
		A3147034203C3CA40027EA0C /* Main.storyboard */ = {isa = PBXFileReference; fileEncoding = 4; lastKnownFileType = file.storyboard; path = Main.storyboard; sourceTree = "<group>"; };
		A31517BC2052CBBD00BE5E0D /* GameTool.swift */ = {isa = PBXFileReference; fileEncoding = 4; lastKnownFileType = sourcecode.swift; name = GameTool.swift; path = "Game Logic/GameTool.swift"; sourceTree = "<group>"; };
		A31517BD2052CBBD00BE5E0D /* GameToolManipulator.swift */ = {isa = PBXFileReference; fileEncoding = 4; lastKnownFileType = sourcecode.swift; name = GameToolManipulator.swift; path = "Game Logic/GameToolManipulator.swift"; sourceTree = "<group>"; };
		A31517BE2052CBBD00BE5E0D /* GameToolBuilder.swift */ = {isa = PBXFileReference; fileEncoding = 4; lastKnownFileType = sourcecode.swift; name = GameToolBuilder.swift; path = "Game Logic/GameToolBuilder.swift"; sourceTree = "<group>"; };
		A31517BF2052CBBD00BE5E0D /* GameController.swift */ = {isa = PBXFileReference; fileEncoding = 4; lastKnownFileType = sourcecode.swift; name = GameController.swift; path = "Game Logic/GameController.swift"; sourceTree = "<group>"; };
		A31517C02052CBBD00BE5E0D /* GameToolDestroyer.swift */ = {isa = PBXFileReference; fileEncoding = 4; lastKnownFileType = sourcecode.swift; name = GameToolDestroyer.swift; path = "Game Logic/GameToolDestroyer.swift"; sourceTree = "<group>"; };
		A31517C12052CBBD00BE5E0D /* GameToolListener.swift */ = {isa = PBXFileReference; fileEncoding = 4; lastKnownFileType = sourcecode.swift; name = GameToolListener.swift; path = "Game Logic/GameToolListener.swift"; sourceTree = "<group>"; };
		A31517C22052CBBD00BE5E0D /* GameToolARDetector.swift */ = {isa = PBXFileReference; fileEncoding = 4; lastKnownFileType = sourcecode.swift; name = GameToolARDetector.swift; path = "Game Logic/GameToolARDetector.swift"; sourceTree = "<group>"; };
		A31517CC2052CC1300BE5E0D /* break.mp3 */ = {isa = PBXFileReference; lastKnownFileType = audio.mp3; path = break.mp3; sourceTree = "<group>"; };
		A31517CD2052CC1300BE5E0D /* menuMusic.wav */ = {isa = PBXFileReference; lastKnownFileType = audio.wav; path = menuMusic.wav; sourceTree = "<group>"; };
		A31517CE2052CC1300BE5E0D /* create.mp3 */ = {isa = PBXFileReference; lastKnownFileType = audio.mp3; path = create.mp3; sourceTree = "<group>"; };
		A31517D42052CD7B00BE5E0D /* SCNVectorExtension.swift */ = {isa = PBXFileReference; fileEncoding = 4; lastKnownFileType = sourcecode.swift; name = SCNVectorExtension.swift; path = Utility/SCNVectorExtension.swift; sourceTree = "<group>"; };
		A31517D52052CD7B00BE5E0D /* GameParticleSystem.swift */ = {isa = PBXFileReference; fileEncoding = 4; lastKnownFileType = sourcecode.swift; name = GameParticleSystem.swift; path = Utility/GameParticleSystem.swift; sourceTree = "<group>"; };
		A31517DC2052D67700BE5E0D /* dustCloud.png */ = {isa = PBXFileReference; lastKnownFileType = image.png; path = dustCloud.png; sourceTree = "<group>"; };
		A317026C204450270005DFCA /* 3dio.m4v */ = {isa = PBXFileReference; lastKnownFileType = file; path = 3dio.m4v; sourceTree = "<group>"; };
		A31702B0204974ED0005DFCA /* SolidifyLogic.swift */ = {isa = PBXFileReference; lastKnownFileType = sourcecode.swift; path = SolidifyLogic.swift; sourceTree = "<group>"; };
		A31702B4204B115E0005DFCA /* UINibView.swift */ = {isa = PBXFileReference; lastKnownFileType = sourcecode.swift; path = UINibView.swift; sourceTree = "<group>"; };
		A31702B7204B117B0005DFCA /* objectButton.xib */ = {isa = PBXFileReference; lastKnownFileType = file.xib; path = objectButton.xib; sourceTree = "<group>"; };
		A31702BB204B26F20005DFCA /* objectButton.swift */ = {isa = PBXFileReference; lastKnownFileType = sourcecode.swift; path = objectButton.swift; sourceTree = "<group>"; };
		A321B0542043220700845A09 /* ramp.scn */ = {isa = PBXFileReference; lastKnownFileType = file.bplist; path = ramp.scn; sourceTree = "<group>"; };
		A33A8BA320348BF7001A7209 /* PhysicsTest.entitlements */ = {isa = PBXFileReference; lastKnownFileType = text.plist.entitlements; path = PhysicsTest.entitlements; sourceTree = "<group>"; };
		A345307F204F16FA0071447A /* GamePieceSettings.swift */ = {isa = PBXFileReference; lastKnownFileType = sourcecode.swift; path = GamePieceSettings.swift; sourceTree = "<group>"; };
		A3453081204F17090071447A /* GameMaterial.swift */ = {isa = PBXFileReference; lastKnownFileType = sourcecode.swift; path = GameMaterial.swift; sourceTree = "<group>"; };
		A3453083204F17A20071447A /* OrientationType.swift */ = {isa = PBXFileReference; lastKnownFileType = sourcecode.swift; path = OrientationType.swift; sourceTree = "<group>"; };
		A3453085204F17D50071447A /* GamePieceList.swift */ = {isa = PBXFileReference; lastKnownFileType = sourcecode.swift; path = GamePieceList.swift; sourceTree = "<group>"; };
		A36252A320247682001FCA58 /* PhysicsTest.app */ = {isa = PBXFileReference; explicitFileType = wrapper.application; includeInIndex = 0; path = PhysicsTest.app; sourceTree = BUILT_PRODUCTS_DIR; };
		A36252A620247682001FCA58 /* AppDelegate.swift */ = {isa = PBXFileReference; lastKnownFileType = sourcecode.swift; path = AppDelegate.swift; sourceTree = "<group>"; };
		A36252AD20247682001FCA58 /* Assets.xcassets */ = {isa = PBXFileReference; lastKnownFileType = folder.assetcatalog; path = Assets.xcassets; sourceTree = "<group>"; };
		A36252B020247682001FCA58 /* Base */ = {isa = PBXFileReference; lastKnownFileType = file.storyboard; name = Base; path = Base.lproj/LaunchScreen.storyboard; sourceTree = "<group>"; };
		A36252B220247682001FCA58 /* Info.plist */ = {isa = PBXFileReference; lastKnownFileType = text.plist.xml; path = Info.plist; sourceTree = "<group>"; };
		A36252B720247682001FCA58 /* PhysicsTestTests.xctest */ = {isa = PBXFileReference; explicitFileType = wrapper.cfbundle; includeInIndex = 0; path = PhysicsTestTests.xctest; sourceTree = BUILT_PRODUCTS_DIR; };
		A36252BB20247682001FCA58 /* PhysicsTestTests.swift */ = {isa = PBXFileReference; lastKnownFileType = sourcecode.swift; path = PhysicsTestTests.swift; sourceTree = "<group>"; };
		A36252BD20247682001FCA58 /* Info.plist */ = {isa = PBXFileReference; lastKnownFileType = text.plist.xml; path = Info.plist; sourceTree = "<group>"; };
		A36252C220247682001FCA58 /* PhysicsTestUITests.xctest */ = {isa = PBXFileReference; explicitFileType = wrapper.cfbundle; includeInIndex = 0; path = PhysicsTestUITests.xctest; sourceTree = BUILT_PRODUCTS_DIR; };
		A36252C620247682001FCA58 /* PhysicsTestUITests.swift */ = {isa = PBXFileReference; lastKnownFileType = sourcecode.swift; path = PhysicsTestUITests.swift; sourceTree = "<group>"; };
		A36252C820247682001FCA58 /* Info.plist */ = {isa = PBXFileReference; lastKnownFileType = text.plist.xml; path = Info.plist; sourceTree = "<group>"; };
		A36252D420247722001FCA58 /* mys.scn */ = {isa = PBXFileReference; lastKnownFileType = file.bplist; path = mys.scn; sourceTree = "<group>"; };
		A3CA762520406197007810C7 /* UICustomView.swift */ = {isa = PBXFileReference; lastKnownFileType = sourcecode.swift; path = UICustomView.swift; sourceTree = "<group>"; };
		A3CA7627204066EF007810C7 /* ColorController.swift */ = {isa = PBXFileReference; lastKnownFileType = sourcecode.swift; path = ColorController.swift; sourceTree = "<group>"; };
		A3CA762920406B0B007810C7 /* UIColorButton.swift */ = {isa = PBXFileReference; lastKnownFileType = sourcecode.swift; path = UIColorButton.swift; sourceTree = "<group>"; };
		A3CA762D2040779D007810C7 /* VideoController.swift */ = {isa = PBXFileReference; lastKnownFileType = sourcecode.swift; path = VideoController.swift; sourceTree = "<group>"; };
		A3CA76332040A958007810C7 /* ShapeController.swift */ = {isa = PBXFileReference; lastKnownFileType = sourcecode.swift; path = ShapeController.swift; sourceTree = "<group>"; };
		A3DD310C2037461D002639EE /* car.scn */ = {isa = PBXFileReference; lastKnownFileType = file.bplist; path = car.scn; sourceTree = "<group>"; };
		A3F3C471202EF218005CE743 /* GamePiece.swift */ = {isa = PBXFileReference; lastKnownFileType = sourcecode.swift; path = GamePiece.swift; sourceTree = "<group>"; };
		B95D5E7920580DCE0017E13F /* CoreDataDB.xcdatamodel */ = {isa = PBXFileReference; lastKnownFileType = wrapper.xcdatamodel; path = CoreDataDB.xcdatamodel; sourceTree = "<group>"; };
		B95D5E7D20580F7F0017E13F /* SaveManager.swift */ = {isa = PBXFileReference; fileEncoding = 4; lastKnownFileType = sourcecode.swift; path = SaveManager.swift; sourceTree = "<group>"; };
		B9DDCE462052CE9800112668 /* WorldsDataManager.swift */ = {isa = PBXFileReference; fileEncoding = 4; lastKnownFileType = sourcecode.swift; name = WorldsDataManager.swift; path = PhysicsTest/WorldsDataManager.swift; sourceTree = SOURCE_ROOT; };
		B9DDCE472052CE9800112668 /* LevelSelectViewController.swift */ = {isa = PBXFileReference; fileEncoding = 4; lastKnownFileType = sourcecode.swift; name = LevelSelectViewController.swift; path = PhysicsTest/LevelSelectViewController.swift; sourceTree = SOURCE_ROOT; };
		B9DDCE482052CE9800112668 /* WorldCollectionViewCell.swift */ = {isa = PBXFileReference; fileEncoding = 4; lastKnownFileType = sourcecode.swift; name = WorldCollectionViewCell.swift; path = PhysicsTest/WorldCollectionViewCell.swift; sourceTree = SOURCE_ROOT; };
		B9DDCE492052CE9800112668 /* MenuController.swift */ = {isa = PBXFileReference; fileEncoding = 4; lastKnownFileType = sourcecode.swift; name = MenuController.swift; path = PhysicsTest/MenuController.swift; sourceTree = SOURCE_ROOT; };
		B9DDCE4A2052CE9800112668 /* SettingsViewController.swift */ = {isa = PBXFileReference; fileEncoding = 4; lastKnownFileType = sourcecode.swift; name = SettingsViewController.swift; path = PhysicsTest/SettingsViewController.swift; sourceTree = SOURCE_ROOT; };
		BDD786B72052D21A00E5A83F /* Menu.storyboard */ = {isa = PBXFileReference; lastKnownFileType = file.storyboard; path = Menu.storyboard; sourceTree = "<group>"; };
		BDD786B92052D28F00E5A83F /* Game.storyboard */ = {isa = PBXFileReference; lastKnownFileType = file.storyboard; path = Game.storyboard; sourceTree = "<group>"; };
		C569C2AD20518EB800A807D3 /* Explode.scnp */ = {isa = PBXFileReference; lastKnownFileType = file.scp; path = Explode.scnp; sourceTree = "<group>"; };
		C569C2AF20518EBE00A807D3 /* cloud@3x.png */ = {isa = PBXFileReference; lastKnownFileType = image.png; path = "cloud@3x.png"; sourceTree = "<group>"; };
/* End PBXFileReference section */

/* Begin PBXFrameworksBuildPhase section */
		A36252A020247682001FCA58 /* Frameworks */ = {
			isa = PBXFrameworksBuildPhase;
			buildActionMask = 2147483647;
			files = (
			);
			runOnlyForDeploymentPostprocessing = 0;
		};
		A36252B420247682001FCA58 /* Frameworks */ = {
			isa = PBXFrameworksBuildPhase;
			buildActionMask = 2147483647;
			files = (
			);
			runOnlyForDeploymentPostprocessing = 0;
		};
		A36252BF20247682001FCA58 /* Frameworks */ = {
			isa = PBXFrameworksBuildPhase;
			buildActionMask = 2147483647;
			files = (
			);
			runOnlyForDeploymentPostprocessing = 0;
		};
/* End PBXFrameworksBuildPhase section */

/* Begin PBXGroup section */
		A315177620528BC400BE5E0D /* Interface */ = {
			isa = PBXGroup;
			children = (
				A3CA762520406197007810C7 /* UICustomView.swift */,
				A3CA762920406B0B007810C7 /* UIColorButton.swift */,
				A31702B6204B11670005DFCA /* ObjectButton */,
			);
			path = Interface;
			sourceTree = "<group>";
		};
		A315177720528BD100BE5E0D /* ViewControllers */ = {
			isa = PBXGroup;
			children = (
				A3CA762D2040779D007810C7 /* VideoController.swift */,
				B9DDCE482052CE9800112668 /* WorldCollectionViewCell.swift */,
				B9DDCE472052CE9800112668 /* LevelSelectViewController.swift */,
				B9DDCE4A2052CE9800112668 /* SettingsViewController.swift */,
				A3147032203C3C740027EA0C /* ViewController.swift */,
				B9DDCE492052CE9800112668 /* MenuController.swift */,
				A3CA7627204066EF007810C7 /* ColorController.swift */,
				A3CA76332040A958007810C7 /* ShapeController.swift */,
			);
			path = ViewControllers;
			sourceTree = "<group>";
		};
		A31517BB2052CBA900BE5E0D /* Game Logic */ = {
			isa = PBXGroup;
			children = (
				A31517BF2052CBBD00BE5E0D /* GameController.swift */,
				A31517BC2052CBBD00BE5E0D /* GameTool.swift */,
				A31517BE2052CBBD00BE5E0D /* GameToolBuilder.swift */,
				A31517C02052CBBD00BE5E0D /* GameToolDestroyer.swift */,
				A31517BD2052CBBD00BE5E0D /* GameToolManipulator.swift */,
				A31517C22052CBBD00BE5E0D /* GameToolARDetector.swift */,
				A31517C12052CBBD00BE5E0D /* GameToolListener.swift */,
			);
			name = "Game Logic";
			sourceTree = "<group>";
		};
		A31517CA2052CBE800BE5E0D /* Particles */ = {
			isa = PBXGroup;
			children = (
				A31517DC2052D67700BE5E0D /* dustCloud.png */,
				C569C2AF20518EBE00A807D3 /* cloud@3x.png */,
				C569C2AD20518EB800A807D3 /* Explode.scnp */,
			);
			name = Particles;
			sourceTree = "<group>";
		};
		A31517CB2052CC1300BE5E0D /* Sounds */ = {
			isa = PBXGroup;
			children = (
				A31517CC2052CC1300BE5E0D /* break.mp3 */,
				A31517CD2052CC1300BE5E0D /* menuMusic.wav */,
				A31517CE2052CC1300BE5E0D /* create.mp3 */,
			);
			path = Sounds;
			sourceTree = SOURCE_ROOT;
		};
		A31517D22052CC1B00BE5E0D /* Scenes */ = {
			isa = PBXGroup;
			children = (
				A36252D420247722001FCA58 /* mys.scn */,
				A321B0542043220700845A09 /* ramp.scn */,
				A3DD310C2037461D002639EE /* car.scn */,
			);
			path = Scenes;
			sourceTree = "<group>";
		};
		A31517D32052CD4200BE5E0D /* Utility */ = {
			isa = PBXGroup;
			children = (
				B9DDCE462052CE9800112668 /* WorldsDataManager.swift */,
				A31517D52052CD7B00BE5E0D /* GameParticleSystem.swift */,
				A31517D42052CD7B00BE5E0D /* SCNVectorExtension.swift */,
			);
			name = Utility;
			sourceTree = "<group>";
		};
		A31702B6204B11670005DFCA /* ObjectButton */ = {
			isa = PBXGroup;
			children = (
				A31702B4204B115E0005DFCA /* UINibView.swift */,
				A31702BB204B26F20005DFCA /* objectButton.swift */,
				A31702B7204B117B0005DFCA /* objectButton.xib */,
			);
			name = ObjectButton;
			path = ..;
			sourceTree = "<group>";
		};
		A33A8BA420348BFA001A7209 /* Frameworks */ = {
			isa = PBXGroup;
			children = (
			);
			name = Frameworks;
			sourceTree = "<group>";
		};
		A3453087204F19430071447A /* Game Pieces */ = {
			isa = PBXGroup;
			children = (
				A3F3C471202EF218005CE743 /* GamePiece.swift */,
				A3453085204F17D50071447A /* GamePieceList.swift */,
				A31702B0204974ED0005DFCA /* SolidifyLogic.swift */,
				A345307F204F16FA0071447A /* GamePieceSettings.swift */,
				A3453083204F17A20071447A /* OrientationType.swift */,
				A3453081204F17090071447A /* GameMaterial.swift */,
			);
			path = "Game Pieces";
			sourceTree = "<group>";
		};
		A362529A20247682001FCA58 = {
			isa = PBXGroup;
			children = (
				A36252A520247682001FCA58 /* PhysicsTest */,
				A36252BA20247682001FCA58 /* PhysicsTestTests */,
				A36252C520247682001FCA58 /* PhysicsTestUITests */,
				A36252A420247682001FCA58 /* Products */,
				A33A8BA420348BFA001A7209 /* Frameworks */,
			);
			sourceTree = "<group>";
		};
		A36252A420247682001FCA58 /* Products */ = {
			isa = PBXGroup;
			children = (
				A36252A320247682001FCA58 /* PhysicsTest.app */,
				A36252B720247682001FCA58 /* PhysicsTestTests.xctest */,
				A36252C220247682001FCA58 /* PhysicsTestUITests.xctest */,
			);
			name = Products;
			sourceTree = "<group>";
		};
		A36252A520247682001FCA58 /* PhysicsTest */ = {
			isa = PBXGroup;
			children = (
				A3147034203C3CA40027EA0C /* Main.storyboard */,
				BDD786B72052D21A00E5A83F /* Menu.storyboard */,
				BDD786B92052D28F00E5A83F /* Game.storyboard */,
				5ED81EDC205328B2002F4CD8 /* 3dioIphone.m4v */,
				A317026C204450270005DFCA /* 3dio.m4v */,
				A33A8BA320348BF7001A7209 /* PhysicsTest.entitlements */,
				A36252A620247682001FCA58 /* AppDelegate.swift */,
				B95D5E7D20580F7F0017E13F /* SaveManager.swift */,
				A36252AD20247682001FCA58 /* Assets.xcassets */,
				A36252AF20247682001FCA58 /* LaunchScreen.storyboard */,
				A36252B220247682001FCA58 /* Info.plist */,
				B95D5E7820580DCE0017E13F /* CoreDataDB.xcdatamodeld */,
				A31517D32052CD4200BE5E0D /* Utility */,
				A31517CB2052CC1300BE5E0D /* Sounds */,
				A315177720528BD100BE5E0D /* ViewControllers */,
				A315177620528BC400BE5E0D /* Interface */,
				A31517D22052CC1B00BE5E0D /* Scenes */,
				A31517CA2052CBE800BE5E0D /* Particles */,
				A31517BB2052CBA900BE5E0D /* Game Logic */,
				A3453087204F19430071447A /* Game Pieces */,
			);
			path = PhysicsTest;
			sourceTree = "<group>";
		};
		A36252BA20247682001FCA58 /* PhysicsTestTests */ = {
			isa = PBXGroup;
			children = (
				A36252BB20247682001FCA58 /* PhysicsTestTests.swift */,
				A36252BD20247682001FCA58 /* Info.plist */,
			);
			path = PhysicsTestTests;
			sourceTree = "<group>";
		};
		A36252C520247682001FCA58 /* PhysicsTestUITests */ = {
			isa = PBXGroup;
			children = (
				A36252C620247682001FCA58 /* PhysicsTestUITests.swift */,
				A36252C820247682001FCA58 /* Info.plist */,
			);
			path = PhysicsTestUITests;
			sourceTree = "<group>";
		};
/* End PBXGroup section */

/* Begin PBXNativeTarget section */
		A36252A220247682001FCA58 /* PhysicsTest */ = {
			isa = PBXNativeTarget;
			buildConfigurationList = A36252CB20247682001FCA58 /* Build configuration list for PBXNativeTarget "PhysicsTest" */;
			buildPhases = (
				A362529F20247682001FCA58 /* Sources */,
				A36252A020247682001FCA58 /* Frameworks */,
				A36252A120247682001FCA58 /* Resources */,
			);
			buildRules = (
			);
			dependencies = (
			);
			name = PhysicsTest;
			productName = PhysicsTest;
			productReference = A36252A320247682001FCA58 /* PhysicsTest.app */;
			productType = "com.apple.product-type.application";
		};
		A36252B620247682001FCA58 /* PhysicsTestTests */ = {
			isa = PBXNativeTarget;
			buildConfigurationList = A36252CE20247682001FCA58 /* Build configuration list for PBXNativeTarget "PhysicsTestTests" */;
			buildPhases = (
				A36252B320247682001FCA58 /* Sources */,
				A36252B420247682001FCA58 /* Frameworks */,
				A36252B520247682001FCA58 /* Resources */,
			);
			buildRules = (
			);
			dependencies = (
				A36252B920247682001FCA58 /* PBXTargetDependency */,
			);
			name = PhysicsTestTests;
			productName = PhysicsTestTests;
			productReference = A36252B720247682001FCA58 /* PhysicsTestTests.xctest */;
			productType = "com.apple.product-type.bundle.unit-test";
		};
		A36252C120247682001FCA58 /* PhysicsTestUITests */ = {
			isa = PBXNativeTarget;
			buildConfigurationList = A36252D120247682001FCA58 /* Build configuration list for PBXNativeTarget "PhysicsTestUITests" */;
			buildPhases = (
				A36252BE20247682001FCA58 /* Sources */,
				A36252BF20247682001FCA58 /* Frameworks */,
				A36252C020247682001FCA58 /* Resources */,
			);
			buildRules = (
			);
			dependencies = (
				A36252C420247682001FCA58 /* PBXTargetDependency */,
			);
			name = PhysicsTestUITests;
			productName = PhysicsTestUITests;
			productReference = A36252C220247682001FCA58 /* PhysicsTestUITests.xctest */;
			productType = "com.apple.product-type.bundle.ui-testing";
		};
/* End PBXNativeTarget section */

/* Begin PBXProject section */
		A362529B20247682001FCA58 /* Project object */ = {
			isa = PBXProject;
			attributes = {
				LastSwiftUpdateCheck = 0920;
				LastUpgradeCheck = 0920;
				ORGANIZATIONNAME = "Raffaele Tontaro";
				TargetAttributes = {
					A36252A220247682001FCA58 = {
						CreatedOnToolsVersion = 9.2;
						ProvisioningStyle = Automatic;
						SystemCapabilities = {
							com.apple.Push = {
								enabled = 0;
							};
							com.apple.iCloud = {
								enabled = 0;
							};
						};
					};
					A36252B620247682001FCA58 = {
						CreatedOnToolsVersion = 9.2;
						ProvisioningStyle = Automatic;
						TestTargetID = A36252A220247682001FCA58;
					};
					A36252C120247682001FCA58 = {
						CreatedOnToolsVersion = 9.2;
						ProvisioningStyle = Automatic;
						TestTargetID = A36252A220247682001FCA58;
					};
				};
			};
			buildConfigurationList = A362529E20247682001FCA58 /* Build configuration list for PBXProject "PhysicsTest" */;
			compatibilityVersion = "Xcode 8.0";
			developmentRegion = en;
			hasScannedForEncodings = 0;
			knownRegions = (
				en,
				Base,
			);
			mainGroup = A362529A20247682001FCA58;
			productRefGroup = A36252A420247682001FCA58 /* Products */;
			projectDirPath = "";
			projectRoot = "";
			targets = (
				A36252A220247682001FCA58 /* PhysicsTest */,
				A36252B620247682001FCA58 /* PhysicsTestTests */,
				A36252C120247682001FCA58 /* PhysicsTestUITests */,
			);
		};
/* End PBXProject section */

/* Begin PBXResourcesBuildPhase section */
		A36252A120247682001FCA58 /* Resources */ = {
			isa = PBXResourcesBuildPhase;
			buildActionMask = 2147483647;
			files = (
				A3DD310D2037461D002639EE /* car.scn in Resources */,
				5ED81EDD205328B2002F4CD8 /* 3dioIphone.m4v in Resources */,
				A321B0552043220700845A09 /* ramp.scn in Resources */,
				A31517DD2052D67800BE5E0D /* dustCloud.png in Resources */,
				A31517CF2052CC1300BE5E0D /* break.mp3 in Resources */,
				A36252B120247682001FCA58 /* LaunchScreen.storyboard in Resources */,
				A36252D520247722001FCA58 /* mys.scn in Resources */,
				A317026D204450270005DFCA /* 3dio.m4v in Resources */,
				C569C2AE20518EB800A807D3 /* Explode.scnp in Resources */,
				BDD786B82052D21A00E5A83F /* Menu.storyboard in Resources */,
				A31517D12052CC1300BE5E0D /* create.mp3 in Resources */,
				A31517D02052CC1300BE5E0D /* menuMusic.wav in Resources */,
				A3147035203C3CA40027EA0C /* Main.storyboard in Resources */,
				BDD786BA2052D28F00E5A83F /* Game.storyboard in Resources */,
				A36252AE20247682001FCA58 /* Assets.xcassets in Resources */,
				A31702B8204B117B0005DFCA /* objectButton.xib in Resources */,
				C569C2B020518EBE00A807D3 /* cloud@3x.png in Resources */,
			);
			runOnlyForDeploymentPostprocessing = 0;
		};
		A36252B520247682001FCA58 /* Resources */ = {
			isa = PBXResourcesBuildPhase;
			buildActionMask = 2147483647;
			files = (
			);
			runOnlyForDeploymentPostprocessing = 0;
		};
		A36252C020247682001FCA58 /* Resources */ = {
			isa = PBXResourcesBuildPhase;
			buildActionMask = 2147483647;
			files = (
			);
			runOnlyForDeploymentPostprocessing = 0;
		};
/* End PBXResourcesBuildPhase section */

/* Begin PBXSourcesBuildPhase section */
		A362529F20247682001FCA58 /* Sources */ = {
			isa = PBXSourcesBuildPhase;
			buildActionMask = 2147483647;
			files = (
				A3CA762620406197007810C7 /* UICustomView.swift in Sources */,
				B9DDCE4D2052CE9800112668 /* LevelSelectViewController.swift in Sources */,
				A31517C62052CBBE00BE5E0D /* GameController.swift in Sources */,
				A3CA762A20406B0B007810C7 /* UIColorButton.swift in Sources */,
				A31517C82052CBBE00BE5E0D /* GameToolListener.swift in Sources */,
				B9DDCE4F2052CE9800112668 /* MenuController.swift in Sources */,
				A3453084204F17A20071447A /* OrientationType.swift in Sources */,
				A31517C92052CBBE00BE5E0D /* GameToolARDetector.swift in Sources */,
				B9DDCE4C2052CE9800112668 /* WorldsDataManager.swift in Sources */,
				A31702B5204B115E0005DFCA /* UINibView.swift in Sources */,
				B95D5E7A20580DCE0017E13F /* CoreDataDB.xcdatamodeld in Sources */,
				A3CA76342040A958007810C7 /* ShapeController.swift in Sources */,
				A31517C42052CBBE00BE5E0D /* GameToolManipulator.swift in Sources */,
				A3147033203C3C740027EA0C /* ViewController.swift in Sources */,
				B95D5E7E20580F7F0017E13F /* SaveManager.swift in Sources */,
				A3453080204F16FA0071447A /* GamePieceSettings.swift in Sources */,
				A3453082204F17090071447A /* GameMaterial.swift in Sources */,
				A3CA7628204066EF007810C7 /* ColorController.swift in Sources */,
				A3CA762E2040779D007810C7 /* VideoController.swift in Sources */,
				A31517C52052CBBE00BE5E0D /* GameToolBuilder.swift in Sources */,
				A36252A720247682001FCA58 /* AppDelegate.swift in Sources */,
				A31517D62052CD7B00BE5E0D /* SCNVectorExtension.swift in Sources */,
				A31517C72052CBBE00BE5E0D /* GameToolDestroyer.swift in Sources */,
				A3453086204F17D50071447A /* GamePieceList.swift in Sources */,
				B9DDCE502052CE9800112668 /* SettingsViewController.swift in Sources */,
				A31702BC204B26F20005DFCA /* objectButton.swift in Sources */,
				B9DDCE4E2052CE9800112668 /* WorldCollectionViewCell.swift in Sources */,
				A31702B1204974ED0005DFCA /* SolidifyLogic.swift in Sources */,
				A3F3C472202EF218005CE743 /* GamePiece.swift in Sources */,
				A31517D72052CD7B00BE5E0D /* GameParticleSystem.swift in Sources */,
				A31517C32052CBBE00BE5E0D /* GameTool.swift in Sources */,
			);
			runOnlyForDeploymentPostprocessing = 0;
		};
		A36252B320247682001FCA58 /* Sources */ = {
			isa = PBXSourcesBuildPhase;
			buildActionMask = 2147483647;
			files = (
				A36252BC20247682001FCA58 /* PhysicsTestTests.swift in Sources */,
			);
			runOnlyForDeploymentPostprocessing = 0;
		};
		A36252BE20247682001FCA58 /* Sources */ = {
			isa = PBXSourcesBuildPhase;
			buildActionMask = 2147483647;
			files = (
				A36252C720247682001FCA58 /* PhysicsTestUITests.swift in Sources */,
			);
			runOnlyForDeploymentPostprocessing = 0;
		};
/* End PBXSourcesBuildPhase section */

/* Begin PBXTargetDependency section */
		A36252B920247682001FCA58 /* PBXTargetDependency */ = {
			isa = PBXTargetDependency;
			target = A36252A220247682001FCA58 /* PhysicsTest */;
			targetProxy = A36252B820247682001FCA58 /* PBXContainerItemProxy */;
		};
		A36252C420247682001FCA58 /* PBXTargetDependency */ = {
			isa = PBXTargetDependency;
			target = A36252A220247682001FCA58 /* PhysicsTest */;
			targetProxy = A36252C320247682001FCA58 /* PBXContainerItemProxy */;
		};
/* End PBXTargetDependency section */

/* Begin PBXVariantGroup section */
		A36252AF20247682001FCA58 /* LaunchScreen.storyboard */ = {
			isa = PBXVariantGroup;
			children = (
				A36252B020247682001FCA58 /* Base */,
			);
			name = LaunchScreen.storyboard;
			sourceTree = "<group>";
		};
/* End PBXVariantGroup section */

/* Begin XCBuildConfiguration section */
		A36252C920247682001FCA58 /* Debug */ = {
			isa = XCBuildConfiguration;
			buildSettings = {
				ALWAYS_SEARCH_USER_PATHS = NO;
				CLANG_ANALYZER_NONNULL = YES;
				CLANG_ANALYZER_NUMBER_OBJECT_CONVERSION = YES_AGGRESSIVE;
				CLANG_CXX_LANGUAGE_STANDARD = "gnu++14";
				CLANG_CXX_LIBRARY = "libc++";
				CLANG_ENABLE_MODULES = YES;
				CLANG_ENABLE_OBJC_ARC = YES;
				CLANG_WARN_BLOCK_CAPTURE_AUTORELEASING = YES;
				CLANG_WARN_BOOL_CONVERSION = YES;
				CLANG_WARN_COMMA = YES;
				CLANG_WARN_CONSTANT_CONVERSION = YES;
				CLANG_WARN_DIRECT_OBJC_ISA_USAGE = YES_ERROR;
				CLANG_WARN_DOCUMENTATION_COMMENTS = YES;
				CLANG_WARN_EMPTY_BODY = YES;
				CLANG_WARN_ENUM_CONVERSION = YES;
				CLANG_WARN_INFINITE_RECURSION = YES;
				CLANG_WARN_INT_CONVERSION = YES;
				CLANG_WARN_NON_LITERAL_NULL_CONVERSION = YES;
				CLANG_WARN_OBJC_LITERAL_CONVERSION = YES;
				CLANG_WARN_OBJC_ROOT_CLASS = YES_ERROR;
				CLANG_WARN_RANGE_LOOP_ANALYSIS = YES;
				CLANG_WARN_STRICT_PROTOTYPES = YES;
				CLANG_WARN_SUSPICIOUS_MOVE = YES;
				CLANG_WARN_UNGUARDED_AVAILABILITY = YES_AGGRESSIVE;
				CLANG_WARN_UNREACHABLE_CODE = YES;
				CLANG_WARN__DUPLICATE_METHOD_MATCH = YES;
				CODE_SIGN_IDENTITY = "iPhone Developer";
				COPY_PHASE_STRIP = NO;
				DEBUG_INFORMATION_FORMAT = dwarf;
				ENABLE_STRICT_OBJC_MSGSEND = YES;
				ENABLE_TESTABILITY = YES;
				GCC_C_LANGUAGE_STANDARD = gnu11;
				GCC_DYNAMIC_NO_PIC = NO;
				GCC_NO_COMMON_BLOCKS = YES;
				GCC_OPTIMIZATION_LEVEL = 0;
				GCC_PREPROCESSOR_DEFINITIONS = (
					"DEBUG=1",
					"$(inherited)",
				);
				GCC_WARN_64_TO_32_BIT_CONVERSION = YES;
				GCC_WARN_ABOUT_RETURN_TYPE = YES_ERROR;
				GCC_WARN_UNDECLARED_SELECTOR = YES;
				GCC_WARN_UNINITIALIZED_AUTOS = YES_AGGRESSIVE;
				GCC_WARN_UNUSED_FUNCTION = YES;
				GCC_WARN_UNUSED_VARIABLE = YES;
				IPHONEOS_DEPLOYMENT_TARGET = 11.2;
				MTL_ENABLE_DEBUG_INFO = YES;
				ONLY_ACTIVE_ARCH = YES;
				SDKROOT = iphoneos;
				SWIFT_ACTIVE_COMPILATION_CONDITIONS = DEBUG;
				SWIFT_OPTIMIZATION_LEVEL = "-Onone";
			};
			name = Debug;
		};
		A36252CA20247682001FCA58 /* Release */ = {
			isa = XCBuildConfiguration;
			buildSettings = {
				ALWAYS_SEARCH_USER_PATHS = NO;
				CLANG_ANALYZER_NONNULL = YES;
				CLANG_ANALYZER_NUMBER_OBJECT_CONVERSION = YES_AGGRESSIVE;
				CLANG_CXX_LANGUAGE_STANDARD = "gnu++14";
				CLANG_CXX_LIBRARY = "libc++";
				CLANG_ENABLE_MODULES = YES;
				CLANG_ENABLE_OBJC_ARC = YES;
				CLANG_WARN_BLOCK_CAPTURE_AUTORELEASING = YES;
				CLANG_WARN_BOOL_CONVERSION = YES;
				CLANG_WARN_COMMA = YES;
				CLANG_WARN_CONSTANT_CONVERSION = YES;
				CLANG_WARN_DIRECT_OBJC_ISA_USAGE = YES_ERROR;
				CLANG_WARN_DOCUMENTATION_COMMENTS = YES;
				CLANG_WARN_EMPTY_BODY = YES;
				CLANG_WARN_ENUM_CONVERSION = YES;
				CLANG_WARN_INFINITE_RECURSION = YES;
				CLANG_WARN_INT_CONVERSION = YES;
				CLANG_WARN_NON_LITERAL_NULL_CONVERSION = YES;
				CLANG_WARN_OBJC_LITERAL_CONVERSION = YES;
				CLANG_WARN_OBJC_ROOT_CLASS = YES_ERROR;
				CLANG_WARN_RANGE_LOOP_ANALYSIS = YES;
				CLANG_WARN_STRICT_PROTOTYPES = YES;
				CLANG_WARN_SUSPICIOUS_MOVE = YES;
				CLANG_WARN_UNGUARDED_AVAILABILITY = YES_AGGRESSIVE;
				CLANG_WARN_UNREACHABLE_CODE = YES;
				CLANG_WARN__DUPLICATE_METHOD_MATCH = YES;
				CODE_SIGN_IDENTITY = "iPhone Developer";
				COPY_PHASE_STRIP = NO;
				DEBUG_INFORMATION_FORMAT = "dwarf-with-dsym";
				ENABLE_NS_ASSERTIONS = NO;
				ENABLE_STRICT_OBJC_MSGSEND = YES;
				GCC_C_LANGUAGE_STANDARD = gnu11;
				GCC_NO_COMMON_BLOCKS = YES;
				GCC_WARN_64_TO_32_BIT_CONVERSION = YES;
				GCC_WARN_ABOUT_RETURN_TYPE = YES_ERROR;
				GCC_WARN_UNDECLARED_SELECTOR = YES;
				GCC_WARN_UNINITIALIZED_AUTOS = YES_AGGRESSIVE;
				GCC_WARN_UNUSED_FUNCTION = YES;
				GCC_WARN_UNUSED_VARIABLE = YES;
				IPHONEOS_DEPLOYMENT_TARGET = 11.2;
				MTL_ENABLE_DEBUG_INFO = NO;
				SDKROOT = iphoneos;
				SWIFT_OPTIMIZATION_LEVEL = "-Owholemodule";
				VALIDATE_PRODUCT = YES;
			};
			name = Release;
		};
		A36252CC20247682001FCA58 /* Debug */ = {
			isa = XCBuildConfiguration;
			buildSettings = {
				ASSETCATALOG_COMPILER_APPICON_NAME = AppIcon;
				ASSETCATALOG_COMPILER_LAUNCHIMAGE_NAME = LaunchImage;
				CODE_SIGN_STYLE = Automatic;
				DEVELOPMENT_TEAM = K4J698459X;
				INFOPLIST_FILE = PhysicsTest/Info.plist;
				LD_RUNPATH_SEARCH_PATHS = "$(inherited) @executable_path/Frameworks";
				PRODUCT_BUNDLE_IDENTIFIER = AnnoyedGrunt.Threedio;
				PRODUCT_NAME = "$(TARGET_NAME)";
				SWIFT_VERSION = 4.0;
				TARGETED_DEVICE_FAMILY = "1,2";
			};
			name = Debug;
		};
		A36252CD20247682001FCA58 /* Release */ = {
			isa = XCBuildConfiguration;
			buildSettings = {
				ASSETCATALOG_COMPILER_APPICON_NAME = AppIcon;
				ASSETCATALOG_COMPILER_LAUNCHIMAGE_NAME = LaunchImage;
				CODE_SIGN_STYLE = Automatic;
				DEVELOPMENT_TEAM = K4J698459X;
				INFOPLIST_FILE = PhysicsTest/Info.plist;
				LD_RUNPATH_SEARCH_PATHS = "$(inherited) @executable_path/Frameworks";
				PRODUCT_BUNDLE_IDENTIFIER = AnnoyedGrunt.Threedio;
				PRODUCT_NAME = "$(TARGET_NAME)";
				SWIFT_VERSION = 4.0;
				TARGETED_DEVICE_FAMILY = "1,2";
			};
			name = Release;
		};
		A36252CF20247682001FCA58 /* Debug */ = {
			isa = XCBuildConfiguration;
			buildSettings = {
				ALWAYS_EMBED_SWIFT_STANDARD_LIBRARIES = YES;
				BUNDLE_LOADER = "$(TEST_HOST)";
				CODE_SIGN_STYLE = Automatic;
				INFOPLIST_FILE = PhysicsTestTests/Info.plist;
				LD_RUNPATH_SEARCH_PATHS = "$(inherited) @executable_path/Frameworks @loader_path/Frameworks";
				PRODUCT_BUNDLE_IDENTIFIER = AnnoyedGrunt.PhysicsTestTests;
				PRODUCT_NAME = "$(TARGET_NAME)";
				SWIFT_VERSION = 4.0;
				TARGETED_DEVICE_FAMILY = "1,2";
				TEST_HOST = "$(BUILT_PRODUCTS_DIR)/PhysicsTest.app/PhysicsTest";
			};
			name = Debug;
		};
		A36252D020247682001FCA58 /* Release */ = {
			isa = XCBuildConfiguration;
			buildSettings = {
				ALWAYS_EMBED_SWIFT_STANDARD_LIBRARIES = YES;
				BUNDLE_LOADER = "$(TEST_HOST)";
				CODE_SIGN_STYLE = Automatic;
				INFOPLIST_FILE = PhysicsTestTests/Info.plist;
				LD_RUNPATH_SEARCH_PATHS = "$(inherited) @executable_path/Frameworks @loader_path/Frameworks";
				PRODUCT_BUNDLE_IDENTIFIER = AnnoyedGrunt.PhysicsTestTests;
				PRODUCT_NAME = "$(TARGET_NAME)";
				SWIFT_VERSION = 4.0;
				TARGETED_DEVICE_FAMILY = "1,2";
				TEST_HOST = "$(BUILT_PRODUCTS_DIR)/PhysicsTest.app/PhysicsTest";
			};
			name = Release;
		};
		A36252D220247682001FCA58 /* Debug */ = {
			isa = XCBuildConfiguration;
			buildSettings = {
				ALWAYS_EMBED_SWIFT_STANDARD_LIBRARIES = YES;
				CODE_SIGN_STYLE = Automatic;
				INFOPLIST_FILE = PhysicsTestUITests/Info.plist;
				LD_RUNPATH_SEARCH_PATHS = "$(inherited) @executable_path/Frameworks @loader_path/Frameworks";
				PRODUCT_BUNDLE_IDENTIFIER = AnnoyedGrunt.PhysicsTestUITests;
				PRODUCT_NAME = "$(TARGET_NAME)";
				SWIFT_VERSION = 4.0;
				TARGETED_DEVICE_FAMILY = "1,2";
				TEST_TARGET_NAME = PhysicsTest;
			};
			name = Debug;
		};
		A36252D320247682001FCA58 /* Release */ = {
			isa = XCBuildConfiguration;
			buildSettings = {
				ALWAYS_EMBED_SWIFT_STANDARD_LIBRARIES = YES;
				CODE_SIGN_STYLE = Automatic;
				INFOPLIST_FILE = PhysicsTestUITests/Info.plist;
				LD_RUNPATH_SEARCH_PATHS = "$(inherited) @executable_path/Frameworks @loader_path/Frameworks";
				PRODUCT_BUNDLE_IDENTIFIER = AnnoyedGrunt.PhysicsTestUITests;
				PRODUCT_NAME = "$(TARGET_NAME)";
				SWIFT_VERSION = 4.0;
				TARGETED_DEVICE_FAMILY = "1,2";
				TEST_TARGET_NAME = PhysicsTest;
			};
			name = Release;
		};
/* End XCBuildConfiguration section */

/* Begin XCConfigurationList section */
		A362529E20247682001FCA58 /* Build configuration list for PBXProject "PhysicsTest" */ = {
			isa = XCConfigurationList;
			buildConfigurations = (
				A36252C920247682001FCA58 /* Debug */,
				A36252CA20247682001FCA58 /* Release */,
			);
			defaultConfigurationIsVisible = 0;
			defaultConfigurationName = Release;
		};
		A36252CB20247682001FCA58 /* Build configuration list for PBXNativeTarget "PhysicsTest" */ = {
			isa = XCConfigurationList;
			buildConfigurations = (
				A36252CC20247682001FCA58 /* Debug */,
				A36252CD20247682001FCA58 /* Release */,
			);
			defaultConfigurationIsVisible = 0;
			defaultConfigurationName = Release;
		};
		A36252CE20247682001FCA58 /* Build configuration list for PBXNativeTarget "PhysicsTestTests" */ = {
			isa = XCConfigurationList;
			buildConfigurations = (
				A36252CF20247682001FCA58 /* Debug */,
				A36252D020247682001FCA58 /* Release */,
			);
			defaultConfigurationIsVisible = 0;
			defaultConfigurationName = Release;
		};
		A36252D120247682001FCA58 /* Build configuration list for PBXNativeTarget "PhysicsTestUITests" */ = {
			isa = XCConfigurationList;
			buildConfigurations = (
				A36252D220247682001FCA58 /* Debug */,
				A36252D320247682001FCA58 /* Release */,
			);
			defaultConfigurationIsVisible = 0;
			defaultConfigurationName = Release;
		};
/* End XCConfigurationList section */

/* Begin XCVersionGroup section */
		B95D5E7820580DCE0017E13F /* CoreDataDB.xcdatamodeld */ = {
			isa = XCVersionGroup;
			children = (
				B95D5E7920580DCE0017E13F /* CoreDataDB.xcdatamodel */,
			);
			currentVersion = B95D5E7920580DCE0017E13F /* CoreDataDB.xcdatamodel */;
			path = CoreDataDB.xcdatamodeld;
			sourceTree = "<group>";
			versionGroupType = wrapper.xcdatamodel;
		};
/* End XCVersionGroup section */
	};
	rootObject = A362529B20247682001FCA58 /* Project object */;
}
